
Microsoft Visual Studio Solution File, Format Version 12.00
# Visual Studio Version 17
VisualStudioVersion = 17.11.35327.3
MinimumVisualStudioVersion = 10.0.40219.1
Project("{FAE04EC0-301F-11D3-BF4B-00C04F79EFBC}") = "DotNetApplicationMVC", "DotNetApplicationMVC.csproj", "{FFDC441C-E336-4CB6-ACB3-97274B4FFE7C}"
EndProject
Global
	GlobalSection(SolutionConfigurationPlatforms) = preSolution
		Debug|Any CPU = Debug|Any CPU
		Release|Any CPU = Release|Any CPU
	EndGlobalSection
	GlobalSection(ProjectConfigurationPlatforms) = postSolution
		{FFDC441C-E336-4CB6-ACB3-97274B4FFE7C}.Debug|Any CPU.ActiveCfg = Debug|Any CPU
		{FFDC441C-E336-4CB6-ACB3-97274B4FFE7C}.Debug|Any CPU.Build.0 = Debug|Any CPU
		{FFDC441C-E336-4CB6-ACB3-97274B4FFE7C}.Release|Any CPU.ActiveCfg = Release|Any CPU
		{FFDC441C-E336-4CB6-ACB3-97274B4FFE7C}.Release|Any CPU.Build.0 = Release|Any CPU
	EndGlobalSection
	GlobalSection(SolutionProperties) = preSolution
		HideSolutionNode = FALSE
	EndGlobalSection
	GlobalSection(ExtensibilityGlobals) = postSolution
		SolutionGuid = {06D49D11-28DF-4A60-9247-9C8A61048307}
	EndGlobalSection
EndGlobal
